
Microsoft Visual Studio Solution File, Format Version 12.00
# Visual Studio Version 16
VisualStudioVersion = 16.0.29001.49
MinimumVisualStudioVersion = 10.0.40219.1
Project("{FAE04EC0-301F-11D3-BF4B-00C04F79EFBC}") = "Flashbang.Client", "Flashbang.Client\Flashbang.Client.csproj", "{26CB353F-8DCD-4FA3-890F-5624C721F26A}"
EndProject
Project("{FAE04EC0-301F-11D3-BF4B-00C04F79EFBC}") = "Flashbang.Server", "Flashbang.Server\Flashbang.Server.csproj", "{612F9337-E091-4F00-B03C-F9E369D091B4}"
EndProject
Global
	GlobalSection(SolutionConfigurationPlatforms) = preSolution
		Debug|Any CPU = Debug|Any CPU
		Release|Any CPU = Release|Any CPU
	EndGlobalSection
	GlobalSection(ProjectConfigurationPlatforms) = postSolution
		{26CB353F-8DCD-4FA3-890F-5624C721F26A}.Debug|Any CPU.ActiveCfg = Debug|Any CPU
		{26CB353F-8DCD-4FA3-890F-5624C721F26A}.Debug|Any CPU.Build.0 = Debug|Any CPU
		{26CB353F-8DCD-4FA3-890F-5624C721F26A}.Release|Any CPU.ActiveCfg = Release|Any CPU
		{26CB353F-8DCD-4FA3-890F-5624C721F26A}.Release|Any CPU.Build.0 = Release|Any CPU
		{612F9337-E091-4F00-B03C-F9E369D091B4}.Debug|Any CPU.ActiveCfg = Debug|Any CPU
		{612F9337-E091-4F00-B03C-F9E369D091B4}.Debug|Any CPU.Build.0 = Debug|Any CPU
		{612F9337-E091-4F00-B03C-F9E369D091B4}.Release|Any CPU.ActiveCfg = Release|Any CPU
		{612F9337-E091-4F00-B03C-F9E369D091B4}.Release|Any CPU.Build.0 = Release|Any CPU
	EndGlobalSection
	GlobalSection(SolutionProperties) = preSolution
		HideSolutionNode = FALSE
	EndGlobalSection
	GlobalSection(ExtensibilityGlobals) = postSolution
		SolutionGuid = {0D07D1CD-F91E-490F-AC66-4644569F8114}
	EndGlobalSection
EndGlobal
